// !$*UTF8*$!
{
	archiveVersion = 1;
	classes = {
	};
	objectVersion = 50;
	objects = {

/* Begin PBXBuildFile section */
		2A086E4521F7A96C0037F228 /* StreamDataTest.swift in Sources */ = {isa = PBXBuildFile; fileRef = 2A086E4421F7A96C0037F228 /* StreamDataTest.swift */; };
		2A80849221F62A3400EAC3FE /* Constants.swift in Sources */ = {isa = PBXBuildFile; fileRef = 2A80849121F62A3400EAC3FE /* Constants.swift */; };
		2A80849421F63F3200EAC3FE /* SplashViewController.swift in Sources */ = {isa = PBXBuildFile; fileRef = 2A80849321F63F3200EAC3FE /* SplashViewController.swift */; };
		2ACFFDAD21EE298F0001DF77 /* AppDelegate.swift in Sources */ = {isa = PBXBuildFile; fileRef = 2ACFFDAC21EE298F0001DF77 /* AppDelegate.swift */; };
		2ACFFDAF21EE298F0001DF77 /* LoginViewController.swift in Sources */ = {isa = PBXBuildFile; fileRef = 2ACFFDAE21EE298F0001DF77 /* LoginViewController.swift */; };
		2ACFFDB221EE298F0001DF77 /* Main.storyboard in Resources */ = {isa = PBXBuildFile; fileRef = 2ACFFDB021EE298F0001DF77 /* Main.storyboard */; };
		2ACFFDB521EE298F0001DF77 /* MyParentsOnBoard.xcdatamodeld in Sources */ = {isa = PBXBuildFile; fileRef = 2ACFFDB321EE298F0001DF77 /* MyParentsOnBoard.xcdatamodeld */; };
		2ACFFDBA21EE29910001DF77 /* LaunchScreen.storyboard in Resources */ = {isa = PBXBuildFile; fileRef = 2ACFFDB821EE29910001DF77 /* LaunchScreen.storyboard */; };
		2ACFFDC521EE29910001DF77 /* MyParentsOnBoardTests.swift in Sources */ = {isa = PBXBuildFile; fileRef = 2ACFFDC421EE29910001DF77 /* MyParentsOnBoardTests.swift */; };
		2ACFFDD021EE29910001DF77 /* MyParentsOnBoardUITests.swift in Sources */ = {isa = PBXBuildFile; fileRef = 2ACFFDCF21EE29910001DF77 /* MyParentsOnBoardUITests.swift */; };
		2ACFFDE021EE32C80001DF77 /* .travis.yml in Resources */ = {isa = PBXBuildFile; fileRef = 2ACFFDDF21EE32C80001DF77 /* .travis.yml */; };
		2ACFFDE221EE4F410001DF77 /* sonar-project.properties in Resources */ = {isa = PBXBuildFile; fileRef = 2ACFFDE121EE4F410001DF77 /* sonar-project.properties */; };
		2ACFFDE621F102610001DF77 /* HttpManager.swift in Sources */ = {isa = PBXBuildFile; fileRef = 2ACFFDE521F102610001DF77 /* HttpManager.swift */; };
		2ACFFDE921F3FE1E0001DF77 /* StreamDataModel.swift in Sources */ = {isa = PBXBuildFile; fileRef = 2ACFFDE821F3FE1E0001DF77 /* StreamDataModel.swift */; };
		2ACFFDEB21F400100001DF77 /* VodDataModel.swift in Sources */ = {isa = PBXBuildFile; fileRef = 2ACFFDEA21F400100001DF77 /* VodDataModel.swift */; };
		2ACFFDED21F401400001DF77 /* TeacherDataModel.swift in Sources */ = {isa = PBXBuildFile; fileRef = 2ACFFDEC21F401400001DF77 /* TeacherDataModel.swift */; };
		2ACFFDEF21F403260001DF77 /* ChildDataModel.swift in Sources */ = {isa = PBXBuildFile; fileRef = 2ACFFDEE21F403260001DF77 /* ChildDataModel.swift */; };
		2ACFFDF121F404B50001DF77 /* ErrorModel.swift in Sources */ = {isa = PBXBuildFile; fileRef = 2ACFFDF021F404B50001DF77 /* ErrorModel.swift */; };
		2ACFFDF321F4052B0001DF77 /* ErrorManager.swift in Sources */ = {isa = PBXBuildFile; fileRef = 2ACFFDF221F4052B0001DF77 /* ErrorManager.swift */; };
		2ACFFDF521F4116F0001DF77 /* HomeViewController.swift in Sources */ = {isa = PBXBuildFile; fileRef = 2ACFFDF421F4116F0001DF77 /* HomeViewController.swift */; };
		2ACFFDFC21F42CDD0001DF77 /* UserDataModel.swift in Sources */ = {isa = PBXBuildFile; fileRef = 2ACFFDFB21F42CDD0001DF77 /* UserDataModel.swift */; };
		2ACFFDFE21F439430001DF77 /* VideoTableViewController.swift in Sources */ = {isa = PBXBuildFile; fileRef = 2ACFFDFD21F439430001DF77 /* VideoTableViewController.swift */; };
		2ACFFE0121F43A940001DF77 /* VideoTableViewCell.swift in Sources */ = {isa = PBXBuildFile; fileRef = 2ACFFE0021F43A940001DF77 /* VideoTableViewCell.swift */; };
		2ACFFE0321F4D1180001DF77 /* CoredataManager.swift in Sources */ = {isa = PBXBuildFile; fileRef = 2ACFFE0221F4D1180001DF77 /* CoredataManager.swift */; };
		2ACFFE0521F4DC8B0001DF77 /* DataModel.swift in Sources */ = {isa = PBXBuildFile; fileRef = 2ACFFE0421F4DC8B0001DF77 /* DataModel.swift */; };
		2ACFFE0721F4E8D40001DF77 /* VideoDataModel.swift in Sources */ = {isa = PBXBuildFile; fileRef = 2ACFFE0621F4E8D40001DF77 /* VideoDataModel.swift */; };
		2B21A8CFB3C6A40E10E6C8DD /* Pods_MyParentsOnBoard.framework in Frameworks */ = {isa = PBXBuildFile; fileRef = 5A57F2CC1A9D6483F11B2F21 /* Pods_MyParentsOnBoard.framework */; };
		8480F83422008F6B00D69C71 /* VideoPlayerViewController.swift in Sources */ = {isa = PBXBuildFile; fileRef = 8480F83322008F6B00D69C71 /* VideoPlayerViewController.swift */; };
		84C891502202280B001289C5 /* Assets.xcassets in Resources */ = {isa = PBXBuildFile; fileRef = 84C8914F2202280B001289C5 /* Assets.xcassets */; };
		C5BC9E8E8EA7EC7CBA8B6588 /* Pods_MyParentsOnBoardUITests.framework in Frameworks */ = {isa = PBXBuildFile; fileRef = 96ADEC8820075DB9B8CAA7BB /* Pods_MyParentsOnBoardUITests.framework */; };
		D237B9FA29877087D6B0E584 /* Pods_MyParentsOnBoardTests.framework in Frameworks */ = {isa = PBXBuildFile; fileRef = 74E896B7217F4C894261C441 /* Pods_MyParentsOnBoardTests.framework */; };
/* End PBXBuildFile section */

/* Begin PBXContainerItemProxy section */
		2ACFFDC121EE29910001DF77 /* PBXContainerItemProxy */ = {
			isa = PBXContainerItemProxy;
			containerPortal = 2ACFFDA121EE298F0001DF77 /* Project object */;
			proxyType = 1;
			remoteGlobalIDString = 2ACFFDA821EE298F0001DF77;
			remoteInfo = MyParentsOnBoard;
		};
		2ACFFDCC21EE29910001DF77 /* PBXContainerItemProxy */ = {
			isa = PBXContainerItemProxy;
			containerPortal = 2ACFFDA121EE298F0001DF77 /* Project object */;
			proxyType = 1;
			remoteGlobalIDString = 2ACFFDA821EE298F0001DF77;
			remoteInfo = MyParentsOnBoard;
		};
/* End PBXContainerItemProxy section */

/* Begin PBXFileReference section */
		01A3C81CF02CA67BD49D0F2F /* Pods-MyParentsOnBoard.debug.xcconfig */ = {isa = PBXFileReference; includeInIndex = 1; lastKnownFileType = text.xcconfig; name = "Pods-MyParentsOnBoard.debug.xcconfig"; path = "Pods/Target Support Files/Pods-MyParentsOnBoard/Pods-MyParentsOnBoard.debug.xcconfig"; sourceTree = "<group>"; };
		03B2DE72120200FCA52F3757 /* Pods-MyParentsOnBoard.release.xcconfig */ = {isa = PBXFileReference; includeInIndex = 1; lastKnownFileType = text.xcconfig; name = "Pods-MyParentsOnBoard.release.xcconfig"; path = "Pods/Target Support Files/Pods-MyParentsOnBoard/Pods-MyParentsOnBoard.release.xcconfig"; sourceTree = "<group>"; };
		2A086E4421F7A96C0037F228 /* StreamDataTest.swift */ = {isa = PBXFileReference; lastKnownFileType = sourcecode.swift; path = StreamDataTest.swift; sourceTree = "<group>"; };
		2A80849121F62A3400EAC3FE /* Constants.swift */ = {isa = PBXFileReference; lastKnownFileType = sourcecode.swift; path = Constants.swift; sourceTree = "<group>"; };
		2A80849321F63F3200EAC3FE /* SplashViewController.swift */ = {isa = PBXFileReference; lastKnownFileType = sourcecode.swift; path = SplashViewController.swift; sourceTree = "<group>"; };
		2ACFFDA921EE298F0001DF77 /* MyParentsOnBoard.app */ = {isa = PBXFileReference; explicitFileType = wrapper.application; includeInIndex = 0; path = MyParentsOnBoard.app; sourceTree = BUILT_PRODUCTS_DIR; };
		2ACFFDAC21EE298F0001DF77 /* AppDelegate.swift */ = {isa = PBXFileReference; lastKnownFileType = sourcecode.swift; path = AppDelegate.swift; sourceTree = "<group>"; };
		2ACFFDAE21EE298F0001DF77 /* LoginViewController.swift */ = {isa = PBXFileReference; lastKnownFileType = sourcecode.swift; path = LoginViewController.swift; sourceTree = "<group>"; };
		2ACFFDB121EE298F0001DF77 /* Base */ = {isa = PBXFileReference; lastKnownFileType = file.storyboard; name = Base; path = Base.lproj/Main.storyboard; sourceTree = "<group>"; };
		2ACFFDB421EE298F0001DF77 /* MyParentsOnBoard.xcdatamodel */ = {isa = PBXFileReference; lastKnownFileType = wrapper.xcdatamodel; path = MyParentsOnBoard.xcdatamodel; sourceTree = "<group>"; };
		2ACFFDB921EE29910001DF77 /* Base */ = {isa = PBXFileReference; lastKnownFileType = file.storyboard; name = Base; path = Base.lproj/LaunchScreen.storyboard; sourceTree = "<group>"; };
		2ACFFDBB21EE29910001DF77 /* Info.plist */ = {isa = PBXFileReference; lastKnownFileType = text.plist.xml; path = Info.plist; sourceTree = "<group>"; };
		2ACFFDC021EE29910001DF77 /* MyParentsOnBoardTests.xctest */ = {isa = PBXFileReference; explicitFileType = wrapper.cfbundle; includeInIndex = 0; path = MyParentsOnBoardTests.xctest; sourceTree = BUILT_PRODUCTS_DIR; };
		2ACFFDC421EE29910001DF77 /* MyParentsOnBoardTests.swift */ = {isa = PBXFileReference; lastKnownFileType = sourcecode.swift; path = MyParentsOnBoardTests.swift; sourceTree = "<group>"; };
		2ACFFDC621EE29910001DF77 /* Info.plist */ = {isa = PBXFileReference; lastKnownFileType = text.plist.xml; path = Info.plist; sourceTree = "<group>"; };
		2ACFFDCB21EE29910001DF77 /* MyParentsOnBoardUITests.xctest */ = {isa = PBXFileReference; explicitFileType = wrapper.cfbundle; includeInIndex = 0; path = MyParentsOnBoardUITests.xctest; sourceTree = BUILT_PRODUCTS_DIR; };
		2ACFFDCF21EE29910001DF77 /* MyParentsOnBoardUITests.swift */ = {isa = PBXFileReference; lastKnownFileType = sourcecode.swift; path = MyParentsOnBoardUITests.swift; sourceTree = "<group>"; };
		2ACFFDD121EE29910001DF77 /* Info.plist */ = {isa = PBXFileReference; lastKnownFileType = text.plist.xml; path = Info.plist; sourceTree = "<group>"; };
		2ACFFDDF21EE32C80001DF77 /* .travis.yml */ = {isa = PBXFileReference; lastKnownFileType = text; path = .travis.yml; sourceTree = "<group>"; };
		2ACFFDE121EE4F410001DF77 /* sonar-project.properties */ = {isa = PBXFileReference; lastKnownFileType = text; path = "sonar-project.properties"; sourceTree = "<group>"; };
		2ACFFDE521F102610001DF77 /* HttpManager.swift */ = {isa = PBXFileReference; lastKnownFileType = sourcecode.swift; path = HttpManager.swift; sourceTree = "<group>"; };
		2ACFFDE821F3FE1E0001DF77 /* StreamDataModel.swift */ = {isa = PBXFileReference; lastKnownFileType = sourcecode.swift; path = StreamDataModel.swift; sourceTree = "<group>"; };
		2ACFFDEA21F400100001DF77 /* VodDataModel.swift */ = {isa = PBXFileReference; lastKnownFileType = sourcecode.swift; path = VodDataModel.swift; sourceTree = "<group>"; };
		2ACFFDEC21F401400001DF77 /* TeacherDataModel.swift */ = {isa = PBXFileReference; lastKnownFileType = sourcecode.swift; path = TeacherDataModel.swift; sourceTree = "<group>"; };
		2ACFFDEE21F403260001DF77 /* ChildDataModel.swift */ = {isa = PBXFileReference; lastKnownFileType = sourcecode.swift; path = ChildDataModel.swift; sourceTree = "<group>"; };
		2ACFFDF021F404B50001DF77 /* ErrorModel.swift */ = {isa = PBXFileReference; lastKnownFileType = sourcecode.swift; path = ErrorModel.swift; sourceTree = "<group>"; };
		2ACFFDF221F4052B0001DF77 /* ErrorManager.swift */ = {isa = PBXFileReference; lastKnownFileType = sourcecode.swift; path = ErrorManager.swift; sourceTree = "<group>"; };
		2ACFFDF421F4116F0001DF77 /* HomeViewController.swift */ = {isa = PBXFileReference; lastKnownFileType = sourcecode.swift; path = HomeViewController.swift; sourceTree = "<group>"; };
		2ACFFDFB21F42CDD0001DF77 /* UserDataModel.swift */ = {isa = PBXFileReference; lastKnownFileType = sourcecode.swift; path = UserDataModel.swift; sourceTree = "<group>"; };
		2ACFFDFD21F439430001DF77 /* VideoTableViewController.swift */ = {isa = PBXFileReference; lastKnownFileType = sourcecode.swift; path = VideoTableViewController.swift; sourceTree = "<group>"; };
		2ACFFE0021F43A940001DF77 /* VideoTableViewCell.swift */ = {isa = PBXFileReference; lastKnownFileType = sourcecode.swift; path = VideoTableViewCell.swift; sourceTree = "<group>"; };
		2ACFFE0221F4D1180001DF77 /* CoredataManager.swift */ = {isa = PBXFileReference; fileEncoding = 4; lastKnownFileType = sourcecode.swift; path = CoredataManager.swift; sourceTree = "<group>"; };
		2ACFFE0421F4DC8B0001DF77 /* DataModel.swift */ = {isa = PBXFileReference; lastKnownFileType = sourcecode.swift; path = DataModel.swift; sourceTree = "<group>"; };
		2ACFFE0621F4E8D40001DF77 /* VideoDataModel.swift */ = {isa = PBXFileReference; lastKnownFileType = sourcecode.swift; path = VideoDataModel.swift; sourceTree = "<group>"; };
		3BDECCC9A3960B1B865D0E7F /* Pods-MyParentsOnBoardUITests.debug.xcconfig */ = {isa = PBXFileReference; includeInIndex = 1; lastKnownFileType = text.xcconfig; name = "Pods-MyParentsOnBoardUITests.debug.xcconfig"; path = "Pods/Target Support Files/Pods-MyParentsOnBoardUITests/Pods-MyParentsOnBoardUITests.debug.xcconfig"; sourceTree = "<group>"; };
		5A57F2CC1A9D6483F11B2F21 /* Pods_MyParentsOnBoard.framework */ = {isa = PBXFileReference; explicitFileType = wrapper.framework; includeInIndex = 0; path = Pods_MyParentsOnBoard.framework; sourceTree = BUILT_PRODUCTS_DIR; };
		73B0612BD35252E3F196C5B3 /* Pods-MyParentsOnBoardTests.debug.xcconfig */ = {isa = PBXFileReference; includeInIndex = 1; lastKnownFileType = text.xcconfig; name = "Pods-MyParentsOnBoardTests.debug.xcconfig"; path = "Pods/Target Support Files/Pods-MyParentsOnBoardTests/Pods-MyParentsOnBoardTests.debug.xcconfig"; sourceTree = "<group>"; };
		74E896B7217F4C894261C441 /* Pods_MyParentsOnBoardTests.framework */ = {isa = PBXFileReference; explicitFileType = wrapper.framework; includeInIndex = 0; path = Pods_MyParentsOnBoardTests.framework; sourceTree = BUILT_PRODUCTS_DIR; };
		8480F83322008F6B00D69C71 /* VideoPlayerViewController.swift */ = {isa = PBXFileReference; lastKnownFileType = sourcecode.swift; path = VideoPlayerViewController.swift; sourceTree = "<group>"; };
		84C8914F2202280B001289C5 /* Assets.xcassets */ = {isa = PBXFileReference; lastKnownFileType = folder.assetcatalog; path = Assets.xcassets; sourceTree = "<group>"; };
		8B1EA59B9D59C0E4172FD27B /* Pods-MyParentsOnBoardUITests.release.xcconfig */ = {isa = PBXFileReference; includeInIndex = 1; lastKnownFileType = text.xcconfig; name = "Pods-MyParentsOnBoardUITests.release.xcconfig"; path = "Pods/Target Support Files/Pods-MyParentsOnBoardUITests/Pods-MyParentsOnBoardUITests.release.xcconfig"; sourceTree = "<group>"; };
		96ADEC8820075DB9B8CAA7BB /* Pods_MyParentsOnBoardUITests.framework */ = {isa = PBXFileReference; explicitFileType = wrapper.framework; includeInIndex = 0; path = Pods_MyParentsOnBoardUITests.framework; sourceTree = BUILT_PRODUCTS_DIR; };
		E4B2076164E1062EC9E20438 /* Pods-MyParentsOnBoardTests.release.xcconfig */ = {isa = PBXFileReference; includeInIndex = 1; lastKnownFileType = text.xcconfig; name = "Pods-MyParentsOnBoardTests.release.xcconfig"; path = "Pods/Target Support Files/Pods-MyParentsOnBoardTests/Pods-MyParentsOnBoardTests.release.xcconfig"; sourceTree = "<group>"; };
/* End PBXFileReference section */

/* Begin PBXFrameworksBuildPhase section */
		2ACFFDA621EE298F0001DF77 /* Frameworks */ = {
			isa = PBXFrameworksBuildPhase;
			buildActionMask = 2147483647;
			files = (
				2B21A8CFB3C6A40E10E6C8DD /* Pods_MyParentsOnBoard.framework in Frameworks */,
			);
			runOnlyForDeploymentPostprocessing = 0;
		};
		2ACFFDBD21EE29910001DF77 /* Frameworks */ = {
			isa = PBXFrameworksBuildPhase;
			buildActionMask = 2147483647;
			files = (
				D237B9FA29877087D6B0E584 /* Pods_MyParentsOnBoardTests.framework in Frameworks */,
			);
			runOnlyForDeploymentPostprocessing = 0;
		};
		2ACFFDC821EE29910001DF77 /* Frameworks */ = {
			isa = PBXFrameworksBuildPhase;
			buildActionMask = 2147483647;
			files = (
				C5BC9E8E8EA7EC7CBA8B6588 /* Pods_MyParentsOnBoardUITests.framework in Frameworks */,
			);
			runOnlyForDeploymentPostprocessing = 0;
		};
/* End PBXFrameworksBuildPhase section */

/* Begin PBXGroup section */
		158F9281E6EF27D88670CB91 /* Frameworks */ = {
			isa = PBXGroup;
			children = (
				5A57F2CC1A9D6483F11B2F21 /* Pods_MyParentsOnBoard.framework */,
				74E896B7217F4C894261C441 /* Pods_MyParentsOnBoardTests.framework */,
				96ADEC8820075DB9B8CAA7BB /* Pods_MyParentsOnBoardUITests.framework */,
			);
			name = Frameworks;
			sourceTree = "<group>";
		};
		2A086E4621F7AC070037F228 /* Models */ = {
			isa = PBXGroup;
			children = (
				2A086E4421F7A96C0037F228 /* StreamDataTest.swift */,
			);
			path = Models;
			sourceTree = "<group>";
		};
		2ACFFDA021EE298F0001DF77 = {
			isa = PBXGroup;
			children = (
				2ACFFDE121EE4F410001DF77 /* sonar-project.properties */,
				2ACFFDDF21EE32C80001DF77 /* .travis.yml */,
				2ACFFDAB21EE298F0001DF77 /* MyParentsOnBoard */,
				2ACFFDC321EE29910001DF77 /* MyParentsOnBoardTests */,
				2ACFFDCE21EE29910001DF77 /* MyParentsOnBoardUITests */,
				2ACFFDAA21EE298F0001DF77 /* Products */,
				CE2C340D75CC9072D133ABD7 /* Pods */,
				158F9281E6EF27D88670CB91 /* Frameworks */,
			);
			sourceTree = "<group>";
		};
		2ACFFDAA21EE298F0001DF77 /* Products */ = {
			isa = PBXGroup;
			children = (
				2ACFFDA921EE298F0001DF77 /* MyParentsOnBoard.app */,
				2ACFFDC021EE29910001DF77 /* MyParentsOnBoardTests.xctest */,
				2ACFFDCB21EE29910001DF77 /* MyParentsOnBoardUITests.xctest */,
			);
			name = Products;
			sourceTree = "<group>";
		};
		2ACFFDAB21EE298F0001DF77 /* MyParentsOnBoard */ = {
			isa = PBXGroup;
			children = (
				84C8914F2202280B001289C5 /* Assets.xcassets */,
				2ACFFDFF21F43A710001DF77 /* Views */,
				2ACFFDE721F3FDCE0001DF77 /* Models */,
				2ACFFDE421F101EB0001DF77 /* Utils */,
				2ACFFDE321F101AE0001DF77 /* Pages */,
				2ACFFDAC21EE298F0001DF77 /* AppDelegate.swift */,
				2ACFFDB021EE298F0001DF77 /* Main.storyboard */,
				2ACFFDB821EE29910001DF77 /* LaunchScreen.storyboard */,
				2ACFFDBB21EE29910001DF77 /* Info.plist */,
				2ACFFDB321EE298F0001DF77 /* MyParentsOnBoard.xcdatamodeld */,
			);
			path = MyParentsOnBoard;
			sourceTree = "<group>";
		};
		2ACFFDC321EE29910001DF77 /* MyParentsOnBoardTests */ = {
			isa = PBXGroup;
			children = (
				2A086E4621F7AC070037F228 /* Models */,
				2ACFFDC421EE29910001DF77 /* MyParentsOnBoardTests.swift */,
				2ACFFDC621EE29910001DF77 /* Info.plist */,
			);
			path = MyParentsOnBoardTests;
			sourceTree = "<group>";
		};
		2ACFFDCE21EE29910001DF77 /* MyParentsOnBoardUITests */ = {
			isa = PBXGroup;
			children = (
				2ACFFDCF21EE29910001DF77 /* MyParentsOnBoardUITests.swift */,
				2ACFFDD121EE29910001DF77 /* Info.plist */,
			);
			path = MyParentsOnBoardUITests;
			sourceTree = "<group>";
		};
		2ACFFDE321F101AE0001DF77 /* Pages */ = {
			isa = PBXGroup;
			children = (
				2ACFFDAE21EE298F0001DF77 /* LoginViewController.swift */,
				2ACFFDF421F4116F0001DF77 /* HomeViewController.swift */,
				2ACFFDFD21F439430001DF77 /* VideoTableViewController.swift */,
				2A80849321F63F3200EAC3FE /* SplashViewController.swift */,
				8480F83322008F6B00D69C71 /* VideoPlayerViewController.swift */,
			);
			path = Pages;
			sourceTree = "<group>";
		};
		2ACFFDE421F101EB0001DF77 /* Utils */ = {
			isa = PBXGroup;
			children = (
				2ACFFE0221F4D1180001DF77 /* CoredataManager.swift */,
				2ACFFDE521F102610001DF77 /* HttpManager.swift */,
				2ACFFDF221F4052B0001DF77 /* ErrorManager.swift */,
				2A80849121F62A3400EAC3FE /* Constants.swift */,
			);
			path = Utils;
			sourceTree = "<group>";
		};
		2ACFFDE721F3FDCE0001DF77 /* Models */ = {
			isa = PBXGroup;
			children = (
				2ACFFDE821F3FE1E0001DF77 /* StreamDataModel.swift */,
				2ACFFDEA21F400100001DF77 /* VodDataModel.swift */,
				2ACFFDEC21F401400001DF77 /* TeacherDataModel.swift */,
				2ACFFDEE21F403260001DF77 /* ChildDataModel.swift */,
				2ACFFDF021F404B50001DF77 /* ErrorModel.swift */,
				2ACFFDFB21F42CDD0001DF77 /* UserDataModel.swift */,
				2ACFFE0421F4DC8B0001DF77 /* DataModel.swift */,
				2ACFFE0621F4E8D40001DF77 /* VideoDataModel.swift */,
			);
			path = Models;
			sourceTree = "<group>";
		};
		2ACFFDFF21F43A710001DF77 /* Views */ = {
			isa = PBXGroup;
			children = (
				2ACFFE0021F43A940001DF77 /* VideoTableViewCell.swift */,
			);
			path = Views;
			sourceTree = "<group>";
		};
		CE2C340D75CC9072D133ABD7 /* Pods */ = {
			isa = PBXGroup;
			children = (
				01A3C81CF02CA67BD49D0F2F /* Pods-MyParentsOnBoard.debug.xcconfig */,
				03B2DE72120200FCA52F3757 /* Pods-MyParentsOnBoard.release.xcconfig */,
				73B0612BD35252E3F196C5B3 /* Pods-MyParentsOnBoardTests.debug.xcconfig */,
				E4B2076164E1062EC9E20438 /* Pods-MyParentsOnBoardTests.release.xcconfig */,
				3BDECCC9A3960B1B865D0E7F /* Pods-MyParentsOnBoardUITests.debug.xcconfig */,
				8B1EA59B9D59C0E4172FD27B /* Pods-MyParentsOnBoardUITests.release.xcconfig */,
			);
			name = Pods;
			sourceTree = "<group>";
		};
/* End PBXGroup section */

/* Begin PBXNativeTarget section */
		2ACFFDA821EE298F0001DF77 /* MyParentsOnBoard */ = {
			isa = PBXNativeTarget;
			buildConfigurationList = 2ACFFDD421EE29910001DF77 /* Build configuration list for PBXNativeTarget "MyParentsOnBoard" */;
			buildPhases = (
				439830EB0DB483D541EFFA63 /* [CP] Check Pods Manifest.lock */,
				2ACFFDA521EE298F0001DF77 /* Sources */,
				2ACFFDA621EE298F0001DF77 /* Frameworks */,
				2ACFFDA721EE298F0001DF77 /* Resources */,
				C960412D726C9BCA6B47EF38 /* [CP] Embed Pods Frameworks */,
			);
			buildRules = (
			);
			dependencies = (
			);
			name = MyParentsOnBoard;
			productName = MyParentsOnBoard;
			productReference = 2ACFFDA921EE298F0001DF77 /* MyParentsOnBoard.app */;
			productType = "com.apple.product-type.application";
		};
		2ACFFDBF21EE29910001DF77 /* MyParentsOnBoardTests */ = {
			isa = PBXNativeTarget;
			buildConfigurationList = 2ACFFDD721EE29910001DF77 /* Build configuration list for PBXNativeTarget "MyParentsOnBoardTests" */;
			buildPhases = (
				57A67608AD70FC0A15394CC8 /* [CP] Check Pods Manifest.lock */,
				2ACFFDBC21EE29910001DF77 /* Sources */,
				2ACFFDBD21EE29910001DF77 /* Frameworks */,
				2ACFFDBE21EE29910001DF77 /* Resources */,
			);
			buildRules = (
			);
			dependencies = (
				2ACFFDC221EE29910001DF77 /* PBXTargetDependency */,
			);
			name = MyParentsOnBoardTests;
			productName = MyParentsOnBoardTests;
			productReference = 2ACFFDC021EE29910001DF77 /* MyParentsOnBoardTests.xctest */;
			productType = "com.apple.product-type.bundle.unit-test";
		};
		2ACFFDCA21EE29910001DF77 /* MyParentsOnBoardUITests */ = {
			isa = PBXNativeTarget;
			buildConfigurationList = 2ACFFDDA21EE29910001DF77 /* Build configuration list for PBXNativeTarget "MyParentsOnBoardUITests" */;
			buildPhases = (
				B36A968077EEC57FF10486D3 /* [CP] Check Pods Manifest.lock */,
				2ACFFDC721EE29910001DF77 /* Sources */,
				2ACFFDC821EE29910001DF77 /* Frameworks */,
				2ACFFDC921EE29910001DF77 /* Resources */,
			);
			buildRules = (
			);
			dependencies = (
				2ACFFDCD21EE29910001DF77 /* PBXTargetDependency */,
			);
			name = MyParentsOnBoardUITests;
			productName = MyParentsOnBoardUITests;
			productReference = 2ACFFDCB21EE29910001DF77 /* MyParentsOnBoardUITests.xctest */;
			productType = "com.apple.product-type.bundle.ui-testing";
		};
/* End PBXNativeTarget section */

/* Begin PBXProject section */
		2ACFFDA121EE298F0001DF77 /* Project object */ = {
			isa = PBXProject;
			attributes = {
				LastSwiftUpdateCheck = 1010;
				LastUpgradeCheck = 1010;
				ORGANIZATIONNAME = ATS;
				TargetAttributes = {
					2ACFFDA821EE298F0001DF77 = {
						CreatedOnToolsVersion = 10.1;
					};
					2ACFFDBF21EE29910001DF77 = {
						CreatedOnToolsVersion = 10.1;
						TestTargetID = 2ACFFDA821EE298F0001DF77;
					};
					2ACFFDCA21EE29910001DF77 = {
						CreatedOnToolsVersion = 10.1;
						TestTargetID = 2ACFFDA821EE298F0001DF77;
					};
				};
			};
			buildConfigurationList = 2ACFFDA421EE298F0001DF77 /* Build configuration list for PBXProject "MyParentsOnBoard" */;
			compatibilityVersion = "Xcode 9.3";
			developmentRegion = en;
			hasScannedForEncodings = 0;
			knownRegions = (
				en,
				Base,
			);
			mainGroup = 2ACFFDA021EE298F0001DF77;
			productRefGroup = 2ACFFDAA21EE298F0001DF77 /* Products */;
			projectDirPath = "";
			projectRoot = "";
			targets = (
				2ACFFDA821EE298F0001DF77 /* MyParentsOnBoard */,
				2ACFFDBF21EE29910001DF77 /* MyParentsOnBoardTests */,
				2ACFFDCA21EE29910001DF77 /* MyParentsOnBoardUITests */,
			);
		};
/* End PBXProject section */

/* Begin PBXResourcesBuildPhase section */
		2ACFFDA721EE298F0001DF77 /* Resources */ = {
			isa = PBXResourcesBuildPhase;
			buildActionMask = 2147483647;
			files = (
				2ACFFDBA21EE29910001DF77 /* LaunchScreen.storyboard in Resources */,
				2ACFFDE021EE32C80001DF77 /* .travis.yml in Resources */,
				2ACFFDE221EE4F410001DF77 /* sonar-project.properties in Resources */,
				2ACFFDB221EE298F0001DF77 /* Main.storyboard in Resources */,
				84C891502202280B001289C5 /* Assets.xcassets in Resources */,
			);
			runOnlyForDeploymentPostprocessing = 0;
		};
		2ACFFDBE21EE29910001DF77 /* Resources */ = {
			isa = PBXResourcesBuildPhase;
			buildActionMask = 2147483647;
			files = (
			);
			runOnlyForDeploymentPostprocessing = 0;
		};
		2ACFFDC921EE29910001DF77 /* Resources */ = {
			isa = PBXResourcesBuildPhase;
			buildActionMask = 2147483647;
			files = (
			);
			runOnlyForDeploymentPostprocessing = 0;
		};
/* End PBXResourcesBuildPhase section */

/* Begin PBXShellScriptBuildPhase section */
		439830EB0DB483D541EFFA63 /* [CP] Check Pods Manifest.lock */ = {
			isa = PBXShellScriptBuildPhase;
			buildActionMask = 2147483647;
			files = (
			);
			inputPaths = (
				"${PODS_PODFILE_DIR_PATH}/Podfile.lock",
				"${PODS_ROOT}/Manifest.lock",
			);
			name = "[CP] Check Pods Manifest.lock";
			outputPaths = (
				"$(DERIVED_FILE_DIR)/Pods-MyParentsOnBoard-checkManifestLockResult.txt",
			);
			runOnlyForDeploymentPostprocessing = 0;
			shellPath = /bin/sh;
			shellScript = "diff \"${PODS_PODFILE_DIR_PATH}/Podfile.lock\" \"${PODS_ROOT}/Manifest.lock\" > /dev/null\nif [ $? != 0 ] ; then\n    # print error to STDERR\n    echo \"error: The sandbox is not in sync with the Podfile.lock. Run 'pod install' or update your CocoaPods installation.\" >&2\n    exit 1\nfi\n# This output is used by Xcode 'outputs' to avoid re-running this script phase.\necho \"SUCCESS\" > \"${SCRIPT_OUTPUT_FILE_0}\"\n";
			showEnvVarsInLog = 0;
		};
		57A67608AD70FC0A15394CC8 /* [CP] Check Pods Manifest.lock */ = {
			isa = PBXShellScriptBuildPhase;
			buildActionMask = 2147483647;
			files = (
			);
			inputPaths = (
				"${PODS_PODFILE_DIR_PATH}/Podfile.lock",
				"${PODS_ROOT}/Manifest.lock",
			);
			name = "[CP] Check Pods Manifest.lock";
			outputPaths = (
				"$(DERIVED_FILE_DIR)/Pods-MyParentsOnBoardTests-checkManifestLockResult.txt",
			);
			runOnlyForDeploymentPostprocessing = 0;
			shellPath = /bin/sh;
			shellScript = "diff \"${PODS_PODFILE_DIR_PATH}/Podfile.lock\" \"${PODS_ROOT}/Manifest.lock\" > /dev/null\nif [ $? != 0 ] ; then\n    # print error to STDERR\n    echo \"error: The sandbox is not in sync with the Podfile.lock. Run 'pod install' or update your CocoaPods installation.\" >&2\n    exit 1\nfi\n# This output is used by Xcode 'outputs' to avoid re-running this script phase.\necho \"SUCCESS\" > \"${SCRIPT_OUTPUT_FILE_0}\"\n";
			showEnvVarsInLog = 0;
		};
		B36A968077EEC57FF10486D3 /* [CP] Check Pods Manifest.lock */ = {
			isa = PBXShellScriptBuildPhase;
			buildActionMask = 2147483647;
			files = (
			);
			inputPaths = (
				"${PODS_PODFILE_DIR_PATH}/Podfile.lock",
				"${PODS_ROOT}/Manifest.lock",
			);
			name = "[CP] Check Pods Manifest.lock";
			outputPaths = (
				"$(DERIVED_FILE_DIR)/Pods-MyParentsOnBoardUITests-checkManifestLockResult.txt",
			);
			runOnlyForDeploymentPostprocessing = 0;
			shellPath = /bin/sh;
			shellScript = "diff \"${PODS_PODFILE_DIR_PATH}/Podfile.lock\" \"${PODS_ROOT}/Manifest.lock\" > /dev/null\nif [ $? != 0 ] ; then\n    # print error to STDERR\n    echo \"error: The sandbox is not in sync with the Podfile.lock. Run 'pod install' or update your CocoaPods installation.\" >&2\n    exit 1\nfi\n# This output is used by Xcode 'outputs' to avoid re-running this script phase.\necho \"SUCCESS\" > \"${SCRIPT_OUTPUT_FILE_0}\"\n";
			showEnvVarsInLog = 0;
		};
		C960412D726C9BCA6B47EF38 /* [CP] Embed Pods Frameworks */ = {
			isa = PBXShellScriptBuildPhase;
			buildActionMask = 2147483647;
			files = (
			);
			inputPaths = (
				"${SRCROOT}/Pods/Target Support Files/Pods-MyParentsOnBoard/Pods-MyParentsOnBoard-frameworks.sh",
				"${BUILT_PRODUCTS_DIR}/Kingfisher/Kingfisher.framework",
				"${BUILT_PRODUCTS_DIR}/NYT360Video/NYT360Video.framework",
			);
			name = "[CP] Embed Pods Frameworks";
			outputPaths = (
				"${TARGET_BUILD_DIR}/${FRAMEWORKS_FOLDER_PATH}/Kingfisher.framework",
				"${TARGET_BUILD_DIR}/${FRAMEWORKS_FOLDER_PATH}/NYT360Video.framework",
			);
			runOnlyForDeploymentPostprocessing = 0;
			shellPath = /bin/sh;
			shellScript = "\"${SRCROOT}/Pods/Target Support Files/Pods-MyParentsOnBoard/Pods-MyParentsOnBoard-frameworks.sh\"\n";
			showEnvVarsInLog = 0;
		};
/* End PBXShellScriptBuildPhase section */

/* Begin PBXSourcesBuildPhase section */
		2ACFFDA521EE298F0001DF77 /* Sources */ = {
			isa = PBXSourcesBuildPhase;
			buildActionMask = 2147483647;
			files = (
				2ACFFDFC21F42CDD0001DF77 /* UserDataModel.swift in Sources */,
				2ACFFE0321F4D1180001DF77 /* CoredataManager.swift in Sources */,
				2ACFFDE921F3FE1E0001DF77 /* StreamDataModel.swift in Sources */,
				8480F83422008F6B00D69C71 /* VideoPlayerViewController.swift in Sources */,
				2ACFFDAF21EE298F0001DF77 /* LoginViewController.swift in Sources */,
				2ACFFDFE21F439430001DF77 /* VideoTableViewController.swift in Sources */,
				2ACFFE0521F4DC8B0001DF77 /* DataModel.swift in Sources */,
				2ACFFDAD21EE298F0001DF77 /* AppDelegate.swift in Sources */,
				2ACFFE0721F4E8D40001DF77 /* VideoDataModel.swift in Sources */,
				2ACFFE0121F43A940001DF77 /* VideoTableViewCell.swift in Sources */,
				2ACFFDEB21F400100001DF77 /* VodDataModel.swift in Sources */,
				2ACFFDF321F4052B0001DF77 /* ErrorManager.swift in Sources */,
				2ACFFDB521EE298F0001DF77 /* MyParentsOnBoard.xcdatamodeld in Sources */,
				2ACFFDE621F102610001DF77 /* HttpManager.swift in Sources */,
				2ACFFDF521F4116F0001DF77 /* HomeViewController.swift in Sources */,
				2A80849421F63F3200EAC3FE /* SplashViewController.swift in Sources */,
				2ACFFDF121F404B50001DF77 /* ErrorModel.swift in Sources */,
				2ACFFDEF21F403260001DF77 /* ChildDataModel.swift in Sources */,
				2ACFFDED21F401400001DF77 /* TeacherDataModel.swift in Sources */,
				2A80849221F62A3400EAC3FE /* Constants.swift in Sources */,
			);
			runOnlyForDeploymentPostprocessing = 0;
		};
		2ACFFDBC21EE29910001DF77 /* Sources */ = {
			isa = PBXSourcesBuildPhase;
			buildActionMask = 2147483647;
			files = (
				2ACFFDC521EE29910001DF77 /* MyParentsOnBoardTests.swift in Sources */,
				2A086E4521F7A96C0037F228 /* StreamDataTest.swift in Sources */,
			);
			runOnlyForDeploymentPostprocessing = 0;
		};
		2ACFFDC721EE29910001DF77 /* Sources */ = {
			isa = PBXSourcesBuildPhase;
			buildActionMask = 2147483647;
			files = (
				2ACFFDD021EE29910001DF77 /* MyParentsOnBoardUITests.swift in Sources */,
			);
			runOnlyForDeploymentPostprocessing = 0;
		};
/* End PBXSourcesBuildPhase section */

/* Begin PBXTargetDependency section */
		2ACFFDC221EE29910001DF77 /* PBXTargetDependency */ = {
			isa = PBXTargetDependency;
			target = 2ACFFDA821EE298F0001DF77 /* MyParentsOnBoard */;
			targetProxy = 2ACFFDC121EE29910001DF77 /* PBXContainerItemProxy */;
		};
		2ACFFDCD21EE29910001DF77 /* PBXTargetDependency */ = {
			isa = PBXTargetDependency;
			target = 2ACFFDA821EE298F0001DF77 /* MyParentsOnBoard */;
			targetProxy = 2ACFFDCC21EE29910001DF77 /* PBXContainerItemProxy */;
		};
/* End PBXTargetDependency section */

/* Begin PBXVariantGroup section */
		2ACFFDB021EE298F0001DF77 /* Main.storyboard */ = {
			isa = PBXVariantGroup;
			children = (
				2ACFFDB121EE298F0001DF77 /* Base */,
			);
			name = Main.storyboard;
			sourceTree = "<group>";
		};
		2ACFFDB821EE29910001DF77 /* LaunchScreen.storyboard */ = {
			isa = PBXVariantGroup;
			children = (
				2ACFFDB921EE29910001DF77 /* Base */,
			);
			name = LaunchScreen.storyboard;
			sourceTree = "<group>";
		};
/* End PBXVariantGroup section */

/* Begin XCBuildConfiguration section */
		2ACFFDD221EE29910001DF77 /* Debug */ = {
			isa = XCBuildConfiguration;
			buildSettings = {
				ALWAYS_SEARCH_USER_PATHS = NO;
				CLANG_ANALYZER_NONNULL = YES;
				CLANG_ANALYZER_NUMBER_OBJECT_CONVERSION = YES_AGGRESSIVE;
				CLANG_CXX_LANGUAGE_STANDARD = "gnu++14";
				CLANG_CXX_LIBRARY = "libc++";
				CLANG_ENABLE_MODULES = YES;
				CLANG_ENABLE_OBJC_ARC = YES;
				CLANG_ENABLE_OBJC_WEAK = YES;
				CLANG_WARN_BLOCK_CAPTURE_AUTORELEASING = YES;
				CLANG_WARN_BOOL_CONVERSION = YES;
				CLANG_WARN_COMMA = YES;
				CLANG_WARN_CONSTANT_CONVERSION = YES;
				CLANG_WARN_DEPRECATED_OBJC_IMPLEMENTATIONS = YES;
				CLANG_WARN_DIRECT_OBJC_ISA_USAGE = YES_ERROR;
				CLANG_WARN_DOCUMENTATION_COMMENTS = YES;
				CLANG_WARN_EMPTY_BODY = YES;
				CLANG_WARN_ENUM_CONVERSION = YES;
				CLANG_WARN_INFINITE_RECURSION = YES;
				CLANG_WARN_INT_CONVERSION = YES;
				CLANG_WARN_NON_LITERAL_NULL_CONVERSION = YES;
				CLANG_WARN_OBJC_IMPLICIT_RETAIN_SELF = YES;
				CLANG_WARN_OBJC_LITERAL_CONVERSION = YES;
				CLANG_WARN_OBJC_ROOT_CLASS = YES_ERROR;
				CLANG_WARN_RANGE_LOOP_ANALYSIS = YES;
				CLANG_WARN_STRICT_PROTOTYPES = YES;
				CLANG_WARN_SUSPICIOUS_MOVE = YES;
				CLANG_WARN_UNGUARDED_AVAILABILITY = YES_AGGRESSIVE;
				CLANG_WARN_UNREACHABLE_CODE = YES;
				CLANG_WARN__DUPLICATE_METHOD_MATCH = YES;
				CODE_SIGN_IDENTITY = "iPhone Developer";
				COPY_PHASE_STRIP = NO;
				DEBUG_INFORMATION_FORMAT = dwarf;
				ENABLE_STRICT_OBJC_MSGSEND = YES;
				ENABLE_TESTABILITY = YES;
				GCC_C_LANGUAGE_STANDARD = gnu11;
				GCC_DYNAMIC_NO_PIC = NO;
				GCC_NO_COMMON_BLOCKS = YES;
				GCC_OPTIMIZATION_LEVEL = 0;
				GCC_PREPROCESSOR_DEFINITIONS = (
					"DEBUG=1",
					"$(inherited)",
				);
				GCC_WARN_64_TO_32_BIT_CONVERSION = YES;
				GCC_WARN_ABOUT_RETURN_TYPE = YES_ERROR;
				GCC_WARN_UNDECLARED_SELECTOR = YES;
				GCC_WARN_UNINITIALIZED_AUTOS = YES_AGGRESSIVE;
				GCC_WARN_UNUSED_FUNCTION = YES;
				GCC_WARN_UNUSED_VARIABLE = YES;
				IPHONEOS_DEPLOYMENT_TARGET = 12.1;
				MTL_ENABLE_DEBUG_INFO = INCLUDE_SOURCE;
				MTL_FAST_MATH = YES;
				ONLY_ACTIVE_ARCH = YES;
				SDKROOT = iphoneos;
				SWIFT_ACTIVE_COMPILATION_CONDITIONS = DEBUG;
				SWIFT_OPTIMIZATION_LEVEL = "-Onone";
			};
			name = Debug;
		};
		2ACFFDD321EE29910001DF77 /* Release */ = {
			isa = XCBuildConfiguration;
			buildSettings = {
				ALWAYS_SEARCH_USER_PATHS = NO;
				CLANG_ANALYZER_NONNULL = YES;
				CLANG_ANALYZER_NUMBER_OBJECT_CONVERSION = YES_AGGRESSIVE;
				CLANG_CXX_LANGUAGE_STANDARD = "gnu++14";
				CLANG_CXX_LIBRARY = "libc++";
				CLANG_ENABLE_MODULES = YES;
				CLANG_ENABLE_OBJC_ARC = YES;
				CLANG_ENABLE_OBJC_WEAK = YES;
				CLANG_WARN_BLOCK_CAPTURE_AUTORELEASING = YES;
				CLANG_WARN_BOOL_CONVERSION = YES;
				CLANG_WARN_COMMA = YES;
				CLANG_WARN_CONSTANT_CONVERSION = YES;
				CLANG_WARN_DEPRECATED_OBJC_IMPLEMENTATIONS = YES;
				CLANG_WARN_DIRECT_OBJC_ISA_USAGE = YES_ERROR;
				CLANG_WARN_DOCUMENTATION_COMMENTS = YES;
				CLANG_WARN_EMPTY_BODY = YES;
				CLANG_WARN_ENUM_CONVERSION = YES;
				CLANG_WARN_INFINITE_RECURSION = YES;
				CLANG_WARN_INT_CONVERSION = YES;
				CLANG_WARN_NON_LITERAL_NULL_CONVERSION = YES;
				CLANG_WARN_OBJC_IMPLICIT_RETAIN_SELF = YES;
				CLANG_WARN_OBJC_LITERAL_CONVERSION = YES;
				CLANG_WARN_OBJC_ROOT_CLASS = YES_ERROR;
				CLANG_WARN_RANGE_LOOP_ANALYSIS = YES;
				CLANG_WARN_STRICT_PROTOTYPES = YES;
				CLANG_WARN_SUSPICIOUS_MOVE = YES;
				CLANG_WARN_UNGUARDED_AVAILABILITY = YES_AGGRESSIVE;
				CLANG_WARN_UNREACHABLE_CODE = YES;
				CLANG_WARN__DUPLICATE_METHOD_MATCH = YES;
				CODE_SIGN_IDENTITY = "iPhone Developer";
				COPY_PHASE_STRIP = NO;
				DEBUG_INFORMATION_FORMAT = "dwarf-with-dsym";
				ENABLE_NS_ASSERTIONS = NO;
				ENABLE_STRICT_OBJC_MSGSEND = YES;
				GCC_C_LANGUAGE_STANDARD = gnu11;
				GCC_NO_COMMON_BLOCKS = YES;
				GCC_WARN_64_TO_32_BIT_CONVERSION = YES;
				GCC_WARN_ABOUT_RETURN_TYPE = YES_ERROR;
				GCC_WARN_UNDECLARED_SELECTOR = YES;
				GCC_WARN_UNINITIALIZED_AUTOS = YES_AGGRESSIVE;
				GCC_WARN_UNUSED_FUNCTION = YES;
				GCC_WARN_UNUSED_VARIABLE = YES;
				IPHONEOS_DEPLOYMENT_TARGET = 12.1;
				MTL_ENABLE_DEBUG_INFO = NO;
				MTL_FAST_MATH = YES;
				SDKROOT = iphoneos;
				SWIFT_COMPILATION_MODE = wholemodule;
				SWIFT_OPTIMIZATION_LEVEL = "-O";
				VALIDATE_PRODUCT = YES;
			};
			name = Release;
		};
		2ACFFDD521EE29910001DF77 /* Debug */ = {
			isa = XCBuildConfiguration;
			baseConfigurationReference = 01A3C81CF02CA67BD49D0F2F /* Pods-MyParentsOnBoard.debug.xcconfig */;
			buildSettings = {
				ASSETCATALOG_COMPILER_APPICON_NAME = AppIcon;
				CODE_SIGN_STYLE = Automatic;
				INFOPLIST_FILE = MyParentsOnBoard/Info.plist;
				LD_RUNPATH_SEARCH_PATHS = (
					"$(inherited)",
					"@executable_path/Frameworks",
				);
				PRODUCT_BUNDLE_IDENTIFIER = ajiloommen.com.MyParentsOnBoard;
				PRODUCT_NAME = "$(TARGET_NAME)";
				SWIFT_VERSION = 4.2;
				TARGETED_DEVICE_FAMILY = "1,2";
			};
			name = Debug;
		};
		2ACFFDD621EE29910001DF77 /* Release */ = {
			isa = XCBuildConfiguration;
			baseConfigurationReference = 03B2DE72120200FCA52F3757 /* Pods-MyParentsOnBoard.release.xcconfig */;
			buildSettings = {
				ASSETCATALOG_COMPILER_APPICON_NAME = AppIcon;
				CODE_SIGN_STYLE = Automatic;
				INFOPLIST_FILE = MyParentsOnBoard/Info.plist;
				LD_RUNPATH_SEARCH_PATHS = (
					"$(inherited)",
					"@executable_path/Frameworks",
				);
				PRODUCT_BUNDLE_IDENTIFIER = ajiloommen.com.MyParentsOnBoard;
				PRODUCT_NAME = "$(TARGET_NAME)";
				SWIFT_VERSION = 4.2;
				TARGETED_DEVICE_FAMILY = "1,2";
			};
			name = Release;
		};
		2ACFFDD821EE29910001DF77 /* Debug */ = {
			isa = XCBuildConfiguration;
			baseConfigurationReference = 73B0612BD35252E3F196C5B3 /* Pods-MyParentsOnBoardTests.debug.xcconfig */;
			buildSettings = {
				ALWAYS_EMBED_SWIFT_STANDARD_LIBRARIES = YES;
				BUNDLE_LOADER = "$(TEST_HOST)";
				CODE_SIGN_STYLE = Automatic;
				INFOPLIST_FILE = MyParentsOnBoardTests/Info.plist;
				LD_RUNPATH_SEARCH_PATHS = (
					"$(inherited)",
					"@executable_path/Frameworks",
					"@loader_path/Frameworks",
				);
				PRODUCT_BUNDLE_IDENTIFIER = ajiloommen.com.MyParentsOnBoardTests;
				PRODUCT_NAME = "$(TARGET_NAME)";
				SWIFT_VERSION = 4.2;
				TARGETED_DEVICE_FAMILY = "1,2";
				TEST_HOST = "$(BUILT_PRODUCTS_DIR)/MyParentsOnBoard.app/MyParentsOnBoard";
			};
			name = Debug;
		};
		2ACFFDD921EE29910001DF77 /* Release */ = {
			isa = XCBuildConfiguration;
			baseConfigurationReference = E4B2076164E1062EC9E20438 /* Pods-MyParentsOnBoardTests.release.xcconfig */;
			buildSettings = {
				ALWAYS_EMBED_SWIFT_STANDARD_LIBRARIES = YES;
				BUNDLE_LOADER = "$(TEST_HOST)";
				CODE_SIGN_STYLE = Automatic;
				INFOPLIST_FILE = MyParentsOnBoardTests/Info.plist;
				LD_RUNPATH_SEARCH_PATHS = (
					"$(inherited)",
					"@executable_path/Frameworks",
					"@loader_path/Frameworks",
				);
				PRODUCT_BUNDLE_IDENTIFIER = ajiloommen.com.MyParentsOnBoardTests;
				PRODUCT_NAME = "$(TARGET_NAME)";
				SWIFT_VERSION = 4.2;
				TARGETED_DEVICE_FAMILY = "1,2";
				TEST_HOST = "$(BUILT_PRODUCTS_DIR)/MyParentsOnBoard.app/MyParentsOnBoard";
			};
			name = Release;
		};
		2ACFFDDB21EE29910001DF77 /* Debug */ = {
			isa = XCBuildConfiguration;
			baseConfigurationReference = 3BDECCC9A3960B1B865D0E7F /* Pods-MyParentsOnBoardUITests.debug.xcconfig */;
			buildSettings = {
				ALWAYS_EMBED_SWIFT_STANDARD_LIBRARIES = YES;
				CODE_SIGN_STYLE = Automatic;
				INFOPLIST_FILE = MyParentsOnBoardUITests/Info.plist;
				LD_RUNPATH_SEARCH_PATHS = (
					"$(inherited)",
					"@executable_path/Frameworks",
					"@loader_path/Frameworks",
				);
				PRODUCT_BUNDLE_IDENTIFIER = ajiloommen.com.MyParentsOnBoardUITests;
				PRODUCT_NAME = "$(TARGET_NAME)";
				SWIFT_VERSION = 4.2;
				TARGETED_DEVICE_FAMILY = "1,2";
				TEST_TARGET_NAME = MyParentsOnBoard;
			};
			name = Debug;
		};
		2ACFFDDC21EE29910001DF77 /* Release */ = {
			isa = XCBuildConfiguration;
			baseConfigurationReference = 8B1EA59B9D59C0E4172FD27B /* Pods-MyParentsOnBoardUITests.release.xcconfig */;
			buildSettings = {
				ALWAYS_EMBED_SWIFT_STANDARD_LIBRARIES = YES;
				CODE_SIGN_STYLE = Automatic;
				INFOPLIST_FILE = MyParentsOnBoardUITests/Info.plist;
				LD_RUNPATH_SEARCH_PATHS = (
					"$(inherited)",
					"@executable_path/Frameworks",
					"@loader_path/Frameworks",
				);
				PRODUCT_BUNDLE_IDENTIFIER = ajiloommen.com.MyParentsOnBoardUITests;
				PRODUCT_NAME = "$(TARGET_NAME)";
				SWIFT_VERSION = 4.2;
				TARGETED_DEVICE_FAMILY = "1,2";
				TEST_TARGET_NAME = MyParentsOnBoard;
			};
			name = Release;
		};
/* End XCBuildConfiguration section */

/* Begin XCConfigurationList section */
		2ACFFDA421EE298F0001DF77 /* Build configuration list for PBXProject "MyParentsOnBoard" */ = {
			isa = XCConfigurationList;
			buildConfigurations = (
				2ACFFDD221EE29910001DF77 /* Debug */,
				2ACFFDD321EE29910001DF77 /* Release */,
			);
			defaultConfigurationIsVisible = 0;
			defaultConfigurationName = Release;
		};
		2ACFFDD421EE29910001DF77 /* Build configuration list for PBXNativeTarget "MyParentsOnBoard" */ = {
			isa = XCConfigurationList;
			buildConfigurations = (
				2ACFFDD521EE29910001DF77 /* Debug */,
				2ACFFDD621EE29910001DF77 /* Release */,
			);
			defaultConfigurationIsVisible = 0;
			defaultConfigurationName = Release;
		};
		2ACFFDD721EE29910001DF77 /* Build configuration list for PBXNativeTarget "MyParentsOnBoardTests" */ = {
			isa = XCConfigurationList;
			buildConfigurations = (
				2ACFFDD821EE29910001DF77 /* Debug */,
				2ACFFDD921EE29910001DF77 /* Release */,
			);
			defaultConfigurationIsVisible = 0;
			defaultConfigurationName = Release;
		};
		2ACFFDDA21EE29910001DF77 /* Build configuration list for PBXNativeTarget "MyParentsOnBoardUITests" */ = {
			isa = XCConfigurationList;
			buildConfigurations = (
				2ACFFDDB21EE29910001DF77 /* Debug */,
				2ACFFDDC21EE29910001DF77 /* Release */,
			);
			defaultConfigurationIsVisible = 0;
			defaultConfigurationName = Release;
		};
/* End XCConfigurationList section */

/* Begin XCVersionGroup section */
		2ACFFDB321EE298F0001DF77 /* MyParentsOnBoard.xcdatamodeld */ = {
			isa = XCVersionGroup;
			children = (
				2ACFFDB421EE298F0001DF77 /* MyParentsOnBoard.xcdatamodel */,
			);
			currentVersion = 2ACFFDB421EE298F0001DF77 /* MyParentsOnBoard.xcdatamodel */;
			path = MyParentsOnBoard.xcdatamodeld;
			sourceTree = "<group>";
			versionGroupType = wrapper.xcdatamodel;
		};
/* End XCVersionGroup section */
	};
	rootObject = 2ACFFDA121EE298F0001DF77 /* Project object */;
}
